<?xml version="1.0" encoding="utf-8"?>
<Project xmlns="http://schemas.microsoft.com/developer/msbuild/2003">
  <ItemGroup>
    <Filter Include="Form Files">
      <UniqueIdentifier>{99349809-55BA-4b9d-BF79-8FDBB0286EB3}</UniqueIdentifier>
      <Extensions>ui</Extensions>
      <ParseFiles>false</ParseFiles>
    </Filter>
    <Filter Include="Form Files">
      <UniqueIdentifier>{99349809-55BA-4b9d-BF79-8FDBB0286EB3}</UniqueIdentifier>
      <Extensions>ui</Extensions>
      <ParseFiles>false</ParseFiles>
    </Filter>
    <Filter Include="Generated Files">
      <UniqueIdentifier>{71ED8ED8-ACB9-4CE9-BBE1-E00B30144E11}</UniqueIdentifier>
      <Extensions>cpp;c;cxx;moc;h;def;odl;idl;res;</Extensions>
    </Filter>
    <Filter Include="Generated Files">
      <UniqueIdentifier>{71ED8ED8-ACB9-4CE9-BBE1-E00B30144E11}</UniqueIdentifier>
      <Extensions>cpp;c;cxx;moc;h;def;odl;idl;res;</Extensions>
    </Filter>
    <Filter Include="Header Files">
      <UniqueIdentifier>{93995380-89BD-4b04-88EB-625FBE52EBFB}</UniqueIdentifier>
      <Extensions>h;hpp;hxx;hm;inl;inc;xsd</Extensions>
    </Filter>
    <Filter Include="Header Files">
      <UniqueIdentifier>{93995380-89BD-4b04-88EB-625FBE52EBFB}</UniqueIdentifier>
      <Extensions>h;hpp;hxx;hm;inl;inc;xsd</Extensions>
    </Filter>
    <Filter Include="Source Files">
      <UniqueIdentifier>{4FC737F1-C7A5-4376-A066-2A32D752A2FF}</UniqueIdentifier>
      <Extensions>cpp;c;cxx;def;odl;idl;hpj;bat;asm;asmx</Extensions>
    </Filter>
    <Filter Include="Source Files">
      <UniqueIdentifier>{4FC737F1-C7A5-4376-A066-2A32D752A2FF}</UniqueIdentifier>
      <Extensions>cpp;c;cxx;def;odl;idl;hpj;bat;asm;asmx</Extensions>
    </Filter>
    <Filter Include="Distribution Files">
      <UniqueIdentifier>{B83CAF91-C7BF-462F-B76C-EA11631F866C}</UniqueIdentifier>
      <Extensions>*</Extensions>
      <ParseFiles>false</ParseFiles>
    </Filter>
    <Filter Include="Distribution Files">
      <UniqueIdentifier>{B83CAF91-C7BF-462F-B76C-EA11631F866C}</UniqueIdentifier>
      <Extensions>*</Extensions>
      <ParseFiles>false</ParseFiles>
    </Filter>
  </ItemGroup>
  <ItemGroup>
    <ClCompile Include="resources\ConfigWidget\ConfTranIni.cpp">
      <Filter>Source Files</Filter>
    </ClCompile>
    <ClCompile Include="resources\ConfigWidget\ConfigWidget.cpp">
      <Filter>Source Files</Filter>
    </ClCompile>
    <ClCompile Include="FtpClient.cpp">
      <Filter>Source Files</Filter>
    </ClCompile>
    <ClCompile Include="MyCompress.cpp">
      <Filter>Source Files</Filter>
    </ClCompile>
    <ClCompile Include="MyMatrix.cpp">
      <Filter>Source Files</Filter>
    </ClCompile>
    <ClCompile Include="QBaseObject.cpp">
      <Filter>Source Files</Filter>
    </ClCompile>
    <ClCompile Include="QBatchProcess.cpp">
      <Filter>Source Files</Filter>
    </ClCompile>
    <ClCompile Include="QCmpGPST.cpp">
      <Filter>Source Files</Filter>
    </ClCompile>
    <ClCompile Include="QKalmanFilter.cpp">
      <Filter>Source Files</Filter>
    </ClCompile>
    <ClCompile Include="QNewFunLib.cpp">
      <Filter>Source Files</Filter>
    </ClCompile>
    <ClCompile Include="QPPPBackSmooth.cpp">
      <Filter>Source Files</Filter>
    </ClCompile>
    <ClCompile Include="QPPPModel.cpp">
      <Filter>Source Files</Filter>
    </ClCompile>
    <ClCompile Include="QPseudoSmooth.cpp">
      <Filter>Source Files</Filter>
    </ClCompile>
    <ClCompile Include="QRTWrite2File.cpp">
      <Filter>Source Files</Filter>
    </ClCompile>
    <ClCompile Include="QReadAnt.cpp">
      <Filter>Source Files</Filter>
    </ClCompile>
    <ClCompile Include="QReadClk.cpp">
      <Filter>Source Files</Filter>
    </ClCompile>
    <ClCompile Include="QReadGPSN.cpp">
      <Filter>Source Files</Filter>
    </ClCompile>
    <ClCompile Include="QReadOFile.cpp">
      <Filter>Source Files</Filter>
    </ClCompile>
    <ClCompile Include="QReadSP3.cpp">
      <Filter>Source Files</Filter>
    </ClCompile>
    <ClCompile Include="QSPPModel.cpp">
      <Filter>Source Files</Filter>
    </ClCompile>
    <ClCompile Include="QTideEffect.cpp">
      <Filter>Source Files</Filter>
    </ClCompile>
    <ClCompile Include="QTropDelay.cpp">
      <Filter>Source Files</Filter>
    </ClCompile>
    <ClCompile Include="QWindUp.cpp">
      <Filter>Source Files</Filter>
    </ClCompile>
    <ClCompile Include="QWrite2File.cpp">
      <Filter>Source Files</Filter>
    </ClCompile>
    <ClCompile Include="QualityCtrl.cpp">
      <Filter>Source Files</Filter>
    </ClCompile>
    <ClCompile Include="SRIFAlgorithm.cpp">
      <Filter>Source Files</Filter>
    </ClCompile>
    <ClCompile Include="main.cpp">
      <Filter>Source Files</Filter>
    </ClCompile>
    <ClCompile Include="mainwindow.cpp">
      <Filter>Source Files</Filter>
    </ClCompile>
    <ClCompile Include="QtPPPGUI\qcustomplot.cpp">
      <Filter>Source Files</Filter>
    </ClCompile>
    <ClCompile Include="QtPPPGUI\qtplot.cpp">
      <Filter>Source Files</Filter>
    </ClCompile>
  </ItemGroup>
  <ItemGroup>
    <ClInclude Include="resources\ConfigWidget\ConfTranIni.h">
      <Filter>Header Files</Filter>
    </ClInclude>
    <QtMoc Include="resources\ConfigWidget\ConfigWidget.h">
      <Filter>Header Files</Filter>
    </QtMoc>
    <QtMoc Include="FtpClient.h">
      <Filter>Header Files</Filter>
    </QtMoc>
    <ClInclude Include="MyCompress.h">
      <Filter>Header Files</Filter>
    </ClInclude>
    <ClInclude Include="MyMatrix.h">
      <Filter>Header Files</Filter>
    </ClInclude>
    <ClInclude Include="QBaseObject.h">
      <Filter>Header Files</Filter>
    </ClInclude>
    <ClInclude Include="QBatchProcess.h">
      <Filter>Header Files</Filter>
    </ClInclude>
    <ClInclude Include="QCmpGPST.h">
      <Filter>Header Files</Filter>
    </ClInclude>
    <ClInclude Include="QGlobalDef.h">
      <Filter>Header Files</Filter>
    </ClInclude>
    <ClInclude Include="QKalmanFilter.h">
      <Filter>Header Files</Filter>
    </ClInclude>
    <ClInclude Include="QNewFunLib.h">
      <Filter>Header Files</Filter>
    </ClInclude>
    <ClInclude Include="QPPPBackSmooth.h">
      <Filter>Header Files</Filter>
    </ClInclude>
    <ClInclude Include="QPPPModel.h">
      <Filter>Header Files</Filter>
    </ClInclude>
    <ClInclude Include="QPseudoSmooth.h">
      <Filter>Header Files</Filter>
    </ClInclude>
    <ClInclude Include="QRTWrite2File.h">
      <Filter>Header Files</Filter>
    </ClInclude>
    <ClInclude Include="QReadAnt.h">
      <Filter>Header Files</Filter>
    </ClInclude>
    <ClInclude Include="QReadClk.h">
      <Filter>Header Files</Filter>
    </ClInclude>
    <ClInclude Include="QReadGPSN.h">
      <Filter>Header Files</Filter>
    </ClInclude>
    <ClInclude Include="QReadOFile.h">
      <Filter>Header Files</Filter>
    </ClInclude>
    <ClInclude Include="QReadSP3.h">
      <Filter>Header Files</Filter>
    </ClInclude>
    <ClInclude Include="QSPPModel.h">
      <Filter>Header Files</Filter>
    </ClInclude>
    <ClInclude Include="QTideEffect.h">
      <Filter>Header Files</Filter>
    </ClInclude>
    <ClInclude Include="QTropDelay.h">
      <Filter>Header Files</Filter>
    </ClInclude>
    <ClInclude Include="QWindUp.h">
      <Filter>Header Files</Filter>
    </ClInclude>
    <ClInclude Include="QWrite2File.h">
      <Filter>Header Files</Filter>
    </ClInclude>
    <ClInclude Include="QualityCtrl.h">
      <Filter>Header Files</Filter>
    </ClInclude>
    <ClInclude Include="SRIFAlgorithm.h">
      <Filter>Header Files</Filter>
    </ClInclude>
    <QtMoc Include="mainwindow.h">
      <Filter>Header Files</Filter>
    </QtMoc>
    <QtMoc Include="QtPPPGUI\qcustomplot.h">
      <Filter>Header Files</Filter>
    </QtMoc>
    <ClInclude Include="QtPPPGUI\qtplot.h">
      <Filter>Header Files</Filter>
    </ClInclude>
  </ItemGroup>
  <ItemGroup>
    
    
    
    
    
    
    <CustomBuild Include="debug\moc_predefs.h.cbt">
      <Filter>Generated Files</Filter>
    </CustomBuild>
    <CustomBuild Include="release\moc_predefs.h.cbt">
      <Filter>Generated Files</Filter>
    </CustomBuild>
    
    
    
    
  </ItemGroup>
  <ItemGroup>
    <QtUic Include="resources\ConfigWidget\ConfigWidget.ui">
      <Filter>Form Files</Filter>
    </QtUic>
    <QtUic Include="mainwindow.ui">
      <Filter>Form Files</Filter>
    </QtUic>
  </ItemGroup>
  <ItemGroup>
    <None Include="Licences\COPYING">
      <Filter>Distribution Files</Filter>
    </None>
    <None Include="Licences\README.md">
      <Filter>Distribution Files</Filter>
    </None>
    <None Include="QtPPPGUI\README.md">
      <Filter>Distribution Files</Filter>
    </None>
    <None Include="README.md">
      <Filter>Distribution Files</Filter>
    </None>
    <None Include="Licences\THANKS">
      <Filter>Distribution Files</Filter>
    </None>
  </ItemGroup>
  <ItemGroup>
    <ResourceCompile Include="E:\MyGitHub\MG_APP\MG_APP_resource.rc" />
  </ItemGroup>
</Project>